// !$*UTF8*$!
{
	archiveVersion = 1;
	classes = {
	};
	objectVersion = 55;
	objects = {

/* Begin PBXBuildFile section */
		B8786833292A911000B5C258 /* AppDelegate.swift in Sources */ = {isa = PBXBuildFile; fileRef = B8786832292A911000B5C258 /* AppDelegate.swift */; };
		B8786835292A911000B5C258 /* SceneDelegate.swift in Sources */ = {isa = PBXBuildFile; fileRef = B8786834292A911000B5C258 /* SceneDelegate.swift */; };
		B878683C292A911300B5C258 /* Assets.xcassets in Resources */ = {isa = PBXBuildFile; fileRef = B878683B292A911300B5C258 /* Assets.xcassets */; };
		B878683F292A911300B5C258 /* LaunchScreen.storyboard in Resources */ = {isa = PBXBuildFile; fileRef = B878683D292A911300B5C258 /* LaunchScreen.storyboard */; };
		B8786851292A931300B5C258 /* forecastData.json in Resources */ = {isa = PBXBuildFile; fileRef = B8786850292A931300B5C258 /* forecastData.json */; };
		B8786865292A953800B5C258 /* WeatherViewInput.swift in Sources */ = {isa = PBXBuildFile; fileRef = B8786861292A953800B5C258 /* WeatherViewInput.swift */; };
		B8786866292A953800B5C258 /* WeatherView.swift in Sources */ = {isa = PBXBuildFile; fileRef = B8786862292A953800B5C258 /* WeatherView.swift */; };
		B8786867292A953800B5C258 /* WeatherViewController.swift in Sources */ = {isa = PBXBuildFile; fileRef = B8786863292A953800B5C258 /* WeatherViewController.swift */; };
		B8786868292A953800B5C258 /* WeatherViewOutput.swift in Sources */ = {isa = PBXBuildFile; fileRef = B8786864292A953800B5C258 /* WeatherViewOutput.swift */; };
		B878686A292A955600B5C258 /* Assembly.swift in Sources */ = {isa = PBXBuildFile; fileRef = B8786869292A955600B5C258 /* Assembly.swift */; };
		B878686E292A958400B5C258 /* WeatherDataManager.swift in Sources */ = {isa = PBXBuildFile; fileRef = B878686C292A958400B5C258 /* WeatherDataManager.swift */; };
		B8786870292A959200B5C258 /* WeatherPresenter.swift in Sources */ = {isa = PBXBuildFile; fileRef = B878686F292A959200B5C258 /* WeatherPresenter.swift */; };
		B8786873292AA48200B5C258 /* DailyTableCell.swift in Sources */ = {isa = PBXBuildFile; fileRef = B8786872292AA48100B5C258 /* DailyTableCell.swift */; };
		B8786876292AAC8C00B5C258 /* Constraints.swift in Sources */ = {isa = PBXBuildFile; fileRef = B8786875292AAC8C00B5C258 /* Constraints.swift */; };
		B885D1682931019D002BFA6B /* TenDaysForecastHeader.swift in Sources */ = {isa = PBXBuildFile; fileRef = B885D1672931019D002BFA6B /* TenDaysForecastHeader.swift */; };
		B885D16C29312C64002BFA6B /* Sizes.swift in Sources */ = {isa = PBXBuildFile; fileRef = B885D16B29312C64002BFA6B /* Sizes.swift */; };
		B885D16E29314211002BFA6B /* Images.swift in Sources */ = {isa = PBXBuildFile; fileRef = B885D16D29314211002BFA6B /* Images.swift */; };
		B885D17329328776002BFA6B /* Inter-VariableFont_slnt,wght.ttf in Resources */ = {isa = PBXBuildFile; fileRef = B885D17229328776002BFA6B /* Inter-VariableFont_slnt,wght.ttf */; };
		B885D175293287D8002BFA6B /* Inter-Medium.ttf in Resources */ = {isa = PBXBuildFile; fileRef = B885D174293287D8002BFA6B /* Inter-Medium.ttf */; };
		B88B0139292B8B3700A7CD48 /* TestTaskJSON.json in Resources */ = {isa = PBXBuildFile; fileRef = B88B0138292B8B3700A7CD48 /* TestTaskJSON.json */; };
		B88B013B292B8BAD00A7CD48 /* WeatherData.swift in Sources */ = {isa = PBXBuildFile; fileRef = B88B013A292B8BAD00A7CD48 /* WeatherData.swift */; };
		B88B013F292BE75900A7CD48 /* TimeForecastCollectionViewCell.swift in Sources */ = {isa = PBXBuildFile; fileRef = B88B013E292BE75900A7CD48 /* TimeForecastCollectionViewCell.swift */; };
		B88B0143292CBC4E00A7CD48 /* TimeForecastTableHeader.swift in Sources */ = {isa = PBXBuildFile; fileRef = B88B0142292CBC4E00A7CD48 /* TimeForecastTableHeader.swift */; };
		B88B0145292CBF6900A7CD48 /* TimeForecastTableViewCell.swift in Sources */ = {isa = PBXBuildFile; fileRef = B88B0144292CBF6900A7CD48 /* TimeForecastTableViewCell.swift */; };
		B88B0147292E1D9700A7CD48 /* Colors.swift in Sources */ = {isa = PBXBuildFile; fileRef = B88B0146292E1D9700A7CD48 /* Colors.swift */; };
/* End PBXBuildFile section */

/* Begin PBXFileReference section */
		B878682F292A911000B5C258 /* WeatherForecast.app */ = {isa = PBXFileReference; explicitFileType = wrapper.application; includeInIndex = 0; path = WeatherForecast.app; sourceTree = BUILT_PRODUCTS_DIR; };
		B8786832292A911000B5C258 /* AppDelegate.swift */ = {isa = PBXFileReference; lastKnownFileType = sourcecode.swift; path = AppDelegate.swift; sourceTree = "<group>"; };
		B8786834292A911000B5C258 /* SceneDelegate.swift */ = {isa = PBXFileReference; lastKnownFileType = sourcecode.swift; path = SceneDelegate.swift; sourceTree = "<group>"; };
		B878683B292A911300B5C258 /* Assets.xcassets */ = {isa = PBXFileReference; lastKnownFileType = folder.assetcatalog; path = Assets.xcassets; sourceTree = "<group>"; };
		B878683E292A911300B5C258 /* Base */ = {isa = PBXFileReference; lastKnownFileType = file.storyboard; name = Base; path = Base.lproj/LaunchScreen.storyboard; sourceTree = "<group>"; };
		B8786840292A911300B5C258 /* Info.plist */ = {isa = PBXFileReference; lastKnownFileType = text.plist.xml; path = Info.plist; sourceTree = "<group>"; };
		B8786850292A931300B5C258 /* forecastData.json */ = {isa = PBXFileReference; fileEncoding = 4; lastKnownFileType = text.json; path = forecastData.json; sourceTree = "<group>"; };
		B8786861292A953800B5C258 /* WeatherViewInput.swift */ = {isa = PBXFileReference; fileEncoding = 4; lastKnownFileType = sourcecode.swift; path = WeatherViewInput.swift; sourceTree = "<group>"; };
		B8786862292A953800B5C258 /* WeatherView.swift */ = {isa = PBXFileReference; fileEncoding = 4; lastKnownFileType = sourcecode.swift; path = WeatherView.swift; sourceTree = "<group>"; };
		B8786863292A953800B5C258 /* WeatherViewController.swift */ = {isa = PBXFileReference; fileEncoding = 4; lastKnownFileType = sourcecode.swift; path = WeatherViewController.swift; sourceTree = "<group>"; };
		B8786864292A953800B5C258 /* WeatherViewOutput.swift */ = {isa = PBXFileReference; fileEncoding = 4; lastKnownFileType = sourcecode.swift; path = WeatherViewOutput.swift; sourceTree = "<group>"; };
		B8786869292A955600B5C258 /* Assembly.swift */ = {isa = PBXFileReference; fileEncoding = 4; lastKnownFileType = sourcecode.swift; name = Assembly.swift; path = ../../WeatherApp/Assembly.swift; sourceTree = "<group>"; };
		B878686C292A958400B5C258 /* WeatherDataManager.swift */ = {isa = PBXFileReference; fileEncoding = 4; lastKnownFileType = sourcecode.swift; name = WeatherDataManager.swift; path = ../../../WeatherApp/Model/WeatherDataManager.swift; sourceTree = "<group>"; };
		B878686F292A959200B5C258 /* WeatherPresenter.swift */ = {isa = PBXFileReference; fileEncoding = 4; lastKnownFileType = sourcecode.swift; name = WeatherPresenter.swift; path = ../../../WeatherApp/Presenter/WeatherPresenter.swift; sourceTree = "<group>"; };
		B8786872292AA48100B5C258 /* DailyTableCell.swift */ = {isa = PBXFileReference; lastKnownFileType = sourcecode.swift; path = DailyTableCell.swift; sourceTree = "<group>"; };
		B8786875292AAC8C00B5C258 /* Constraints.swift */ = {isa = PBXFileReference; lastKnownFileType = sourcecode.swift; path = Constraints.swift; sourceTree = "<group>"; };
		B885D1672931019D002BFA6B /* TenDaysForecastHeader.swift */ = {isa = PBXFileReference; lastKnownFileType = sourcecode.swift; name = TenDaysForecastHeader.swift; path = WeatherForecast/View/Headers/TenDaysForecastHeader.swift; sourceTree = SOURCE_ROOT; };
		B885D16B29312C64002BFA6B /* Sizes.swift */ = {isa = PBXFileReference; lastKnownFileType = sourcecode.swift; path = Sizes.swift; sourceTree = "<group>"; };
		B885D16D29314211002BFA6B /* Images.swift */ = {isa = PBXFileReference; lastKnownFileType = sourcecode.swift; path = Images.swift; sourceTree = "<group>"; };
		B885D17229328776002BFA6B /* Inter-VariableFont_slnt,wght.ttf */ = {isa = PBXFileReference; lastKnownFileType = file; path = "Inter-VariableFont_slnt,wght.ttf"; sourceTree = "<group>"; };
		B885D174293287D8002BFA6B /* Inter-Medium.ttf */ = {isa = PBXFileReference; lastKnownFileType = file; path = "Inter-Medium.ttf"; sourceTree = "<group>"; };
		B88B0138292B8B3700A7CD48 /* TestTaskJSON.json */ = {isa = PBXFileReference; fileEncoding = 4; lastKnownFileType = text.json; path = TestTaskJSON.json; sourceTree = "<group>"; };
		B88B013A292B8BAD00A7CD48 /* WeatherData.swift */ = {isa = PBXFileReference; lastKnownFileType = sourcecode.swift; path = WeatherData.swift; sourceTree = "<group>"; };
		B88B013E292BE75900A7CD48 /* TimeForecastCollectionViewCell.swift */ = {isa = PBXFileReference; lastKnownFileType = sourcecode.swift; path = TimeForecastCollectionViewCell.swift; sourceTree = "<group>"; };
		B88B0142292CBC4E00A7CD48 /* TimeForecastTableHeader.swift */ = {isa = PBXFileReference; lastKnownFileType = sourcecode.swift; path = TimeForecastTableHeader.swift; sourceTree = "<group>"; };
		B88B0144292CBF6900A7CD48 /* TimeForecastTableViewCell.swift */ = {isa = PBXFileReference; lastKnownFileType = sourcecode.swift; path = TimeForecastTableViewCell.swift; sourceTree = "<group>"; };
		B88B0146292E1D9700A7CD48 /* Colors.swift */ = {isa = PBXFileReference; lastKnownFileType = sourcecode.swift; path = Colors.swift; sourceTree = "<group>"; };
/* End PBXFileReference section */

/* Begin PBXFrameworksBuildPhase section */
		B878682C292A911000B5C258 /* Frameworks */ = {
			isa = PBXFrameworksBuildPhase;
			buildActionMask = 2147483647;
			files = (
			);
			runOnlyForDeploymentPostprocessing = 0;
		};
/* End PBXFrameworksBuildPhase section */

/* Begin PBXGroup section */
		B8786826292A911000B5C258 = {
			isa = PBXGroup;
			children = (
				B8786831292A911000B5C258 /* WeatherForecast */,
				B8786830292A911000B5C258 /* Products */,
			);
			sourceTree = "<group>";
		};
		B8786830292A911000B5C258 /* Products */ = {
			isa = PBXGroup;
			children = (
				B878682F292A911000B5C258 /* WeatherForecast.app */,
			);
			name = Products;
			sourceTree = "<group>";
		};
		B8786831292A911000B5C258 /* WeatherForecast */ = {
			isa = PBXGroup;
			children = (
				B8786832292A911000B5C258 /* AppDelegate.swift */,
				B8786834292A911000B5C258 /* SceneDelegate.swift */,
				B8786869292A955600B5C258 /* Assembly.swift */,
				B878685E292A94E600B5C258 /* Presenter */,
				B8786860292A94FB00B5C258 /* Model */,
				B878685D292A94D500B5C258 /* View */,
				B885D16A2931026A002BFA6B /* Protocols */,
				B8786874292AAC7500B5C258 /* Helpers */,
				B885D1712932875B002BFA6B /* Fonts */,
				B878683B292A911300B5C258 /* Assets.xcassets */,
				B878683D292A911300B5C258 /* LaunchScreen.storyboard */,
				B8786840292A911300B5C258 /* Info.plist */,
				B8786850292A931300B5C258 /* forecastData.json */,
				B88B0138292B8B3700A7CD48 /* TestTaskJSON.json */,
			);
			path = WeatherForecast;
			sourceTree = "<group>";
		};
		B878685D292A94D500B5C258 /* View */ = {
			isa = PBXGroup;
			children = (
				B885D1692931022D002BFA6B /* Headers */,
				B8786871292AA45500B5C258 /* Cells */,
				B8786862292A953800B5C258 /* WeatherView.swift */,
				B8786863292A953800B5C258 /* WeatherViewController.swift */,
			);
			path = View;
			sourceTree = "<group>";
		};
		B878685E292A94E600B5C258 /* Presenter */ = {
			isa = PBXGroup;
			children = (
				B878686F292A959200B5C258 /* WeatherPresenter.swift */,
			);
			path = Presenter;
			sourceTree = "<group>";
		};
		B8786860292A94FB00B5C258 /* Model */ = {
			isa = PBXGroup;
			children = (
				B88B013A292B8BAD00A7CD48 /* WeatherData.swift */,
				B878686C292A958400B5C258 /* WeatherDataManager.swift */,
			);
			path = Model;
			sourceTree = "<group>";
		};
		B8786871292AA45500B5C258 /* Cells */ = {
			isa = PBXGroup;
			children = (
				B8786872292AA48100B5C258 /* DailyTableCell.swift */,
				B88B0144292CBF6900A7CD48 /* TimeForecastTableViewCell.swift */,
				B88B013E292BE75900A7CD48 /* TimeForecastCollectionViewCell.swift */,
			);
			path = Cells;
			sourceTree = "<group>";
		};
		B8786874292AAC7500B5C258 /* Helpers */ = {
			isa = PBXGroup;
			children = (
				B88B0146292E1D9700A7CD48 /* Colors.swift */,
				B885D16B29312C64002BFA6B /* Sizes.swift */,
				B885D16D29314211002BFA6B /* Images.swift */,
				B8786875292AAC8C00B5C258 /* Constraints.swift */,
			);
			path = Helpers;
			sourceTree = "<group>";
		};
		B885D1692931022D002BFA6B /* Headers */ = {
			isa = PBXGroup;
			children = (
				B88B0142292CBC4E00A7CD48 /* TimeForecastTableHeader.swift */,
				B885D1672931019D002BFA6B /* TenDaysForecastHeader.swift */,
			);
			path = Headers;
			sourceTree = "<group>";
		};
		B885D16A2931026A002BFA6B /* Protocols */ = {
			isa = PBXGroup;
			children = (
				B8786861292A953800B5C258 /* WeatherViewInput.swift */,
				B8786864292A953800B5C258 /* WeatherViewOutput.swift */,
			);
			path = Protocols;
			sourceTree = "<group>";
		};
		B885D1712932875B002BFA6B /* Fonts */ = {
			isa = PBXGroup;
			children = (
				B885D174293287D8002BFA6B /* Inter-Medium.ttf */,
				B885D17229328776002BFA6B /* Inter-VariableFont_slnt,wght.ttf */,
			);
			path = Fonts;
			sourceTree = "<group>";
		};
/* End PBXGroup section */

/* Begin PBXNativeTarget section */
		B878682E292A911000B5C258 /* WeatherForecast */ = {
			isa = PBXNativeTarget;
			buildConfigurationList = B8786843292A911300B5C258 /* Build configuration list for PBXNativeTarget "WeatherForecast" */;
			buildPhases = (
				B878682B292A911000B5C258 /* Sources */,
				B878682C292A911000B5C258 /* Frameworks */,
				B878682D292A911000B5C258 /* Resources */,
			);
			buildRules = (
			);
			dependencies = (
			);
			name = WeatherForecast;
			productName = WeatherForecast;
			productReference = B878682F292A911000B5C258 /* WeatherForecast.app */;
			productType = "com.apple.product-type.application";
		};
/* End PBXNativeTarget section */

/* Begin PBXProject section */
		B8786827292A911000B5C258 /* Project object */ = {
			isa = PBXProject;
			attributes = {
				BuildIndependentTargetsInParallel = 1;
				LastSwiftUpdateCheck = 1340;
				LastUpgradeCheck = 1340;
				TargetAttributes = {
					B878682E292A911000B5C258 = {
						CreatedOnToolsVersion = 13.4.1;
					};
				};
			};
			buildConfigurationList = B878682A292A911000B5C258 /* Build configuration list for PBXProject "WeatherForecast" */;
			compatibilityVersion = "Xcode 13.0";
			developmentRegion = en;
			hasScannedForEncodings = 0;
			knownRegions = (
				en,
				Base,
			);
			mainGroup = B8786826292A911000B5C258;
			productRefGroup = B8786830292A911000B5C258 /* Products */;
			projectDirPath = "";
			projectRoot = "";
			targets = (
				B878682E292A911000B5C258 /* WeatherForecast */,
			);
		};
/* End PBXProject section */

/* Begin PBXResourcesBuildPhase section */
		B878682D292A911000B5C258 /* Resources */ = {
			isa = PBXResourcesBuildPhase;
			buildActionMask = 2147483647;
			files = (
				B878683F292A911300B5C258 /* LaunchScreen.storyboard in Resources */,
				B885D17329328776002BFA6B /* Inter-VariableFont_slnt,wght.ttf in Resources */,
				B885D175293287D8002BFA6B /* Inter-Medium.ttf in Resources */,
				B88B0139292B8B3700A7CD48 /* TestTaskJSON.json in Resources */,
				B878683C292A911300B5C258 /* Assets.xcassets in Resources */,
				B8786851292A931300B5C258 /* forecastData.json in Resources */,
			);
			runOnlyForDeploymentPostprocessing = 0;
		};
/* End PBXResourcesBuildPhase section */

/* Begin PBXSourcesBuildPhase section */
		B878682B292A911000B5C258 /* Sources */ = {
			isa = PBXSourcesBuildPhase;
			buildActionMask = 2147483647;
			files = (
				B8786865292A953800B5C258 /* WeatherViewInput.swift in Sources */,
				B88B013F292BE75900A7CD48 /* TimeForecastCollectionViewCell.swift in Sources */,
				B885D1682931019D002BFA6B /* TenDaysForecastHeader.swift in Sources */,
				B885D16E29314211002BFA6B /* Images.swift in Sources */,
				B8786867292A953800B5C258 /* WeatherViewController.swift in Sources */,
				B8786868292A953800B5C258 /* WeatherViewOutput.swift in Sources */,
				B878686A292A955600B5C258 /* Assembly.swift in Sources */,
				B885D16C29312C64002BFA6B /* Sizes.swift in Sources */,
				B8786876292AAC8C00B5C258 /* Constraints.swift in Sources */,
				B88B0143292CBC4E00A7CD48 /* TimeForecastTableHeader.swift in Sources */,
				B88B0145292CBF6900A7CD48 /* TimeForecastTableViewCell.swift in Sources */,
				B8786833292A911000B5C258 /* AppDelegate.swift in Sources */,
				B8786870292A959200B5C258 /* WeatherPresenter.swift in Sources */,
				B8786835292A911000B5C258 /* SceneDelegate.swift in Sources */,
				B88B0147292E1D9700A7CD48 /* Colors.swift in Sources */,
				B8786873292AA48200B5C258 /* DailyTableCell.swift in Sources */,
				B88B013B292B8BAD00A7CD48 /* WeatherData.swift in Sources */,
				B878686E292A958400B5C258 /* WeatherDataManager.swift in Sources */,
				B8786866292A953800B5C258 /* WeatherView.swift in Sources */,
			);
			runOnlyForDeploymentPostprocessing = 0;
		};
/* End PBXSourcesBuildPhase section */

/* Begin PBXVariantGroup section */
		B878683D292A911300B5C258 /* LaunchScreen.storyboard */ = {
			isa = PBXVariantGroup;
			children = (
				B878683E292A911300B5C258 /* Base */,
			);
			name = LaunchScreen.storyboard;
			sourceTree = "<group>";
		};
/* End PBXVariantGroup section */

/* Begin XCBuildConfiguration section */
		B8786841292A911300B5C258 /* Debug */ = {
			isa = XCBuildConfiguration;
			buildSettings = {
				ALWAYS_SEARCH_USER_PATHS = NO;
				CLANG_ANALYZER_NONNULL = YES;
				CLANG_ANALYZER_NUMBER_OBJECT_CONVERSION = YES_AGGRESSIVE;
				CLANG_CXX_LANGUAGE_STANDARD = "gnu++17";
				CLANG_ENABLE_MODULES = YES;
				CLANG_ENABLE_OBJC_ARC = YES;
				CLANG_ENABLE_OBJC_WEAK = YES;
				CLANG_WARN_BLOCK_CAPTURE_AUTORELEASING = YES;
				CLANG_WARN_BOOL_CONVERSION = YES;
				CLANG_WARN_COMMA = YES;
				CLANG_WARN_CONSTANT_CONVERSION = YES;
				CLANG_WARN_DEPRECATED_OBJC_IMPLEMENTATIONS = YES;
				CLANG_WARN_DIRECT_OBJC_ISA_USAGE = YES_ERROR;
				CLANG_WARN_DOCUMENTATION_COMMENTS = YES;
				CLANG_WARN_EMPTY_BODY = YES;
				CLANG_WARN_ENUM_CONVERSION = YES;
				CLANG_WARN_INFINITE_RECURSION = YES;
				CLANG_WARN_INT_CONVERSION = YES;
				CLANG_WARN_NON_LITERAL_NULL_CONVERSION = YES;
				CLANG_WARN_OBJC_IMPLICIT_RETAIN_SELF = YES;
				CLANG_WARN_OBJC_LITERAL_CONVERSION = YES;
				CLANG_WARN_OBJC_ROOT_CLASS = YES_ERROR;
				CLANG_WARN_QUOTED_INCLUDE_IN_FRAMEWORK_HEADER = YES;
				CLANG_WARN_RANGE_LOOP_ANALYSIS = YES;
				CLANG_WARN_STRICT_PROTOTYPES = YES;
				CLANG_WARN_SUSPICIOUS_MOVE = YES;
				CLANG_WARN_UNGUARDED_AVAILABILITY = YES_AGGRESSIVE;
				CLANG_WARN_UNREACHABLE_CODE = YES;
				CLANG_WARN__DUPLICATE_METHOD_MATCH = YES;
				COPY_PHASE_STRIP = NO;
				DEBUG_INFORMATION_FORMAT = dwarf;
				ENABLE_STRICT_OBJC_MSGSEND = YES;
				ENABLE_TESTABILITY = YES;
				GCC_C_LANGUAGE_STANDARD = gnu11;
				GCC_DYNAMIC_NO_PIC = NO;
				GCC_NO_COMMON_BLOCKS = YES;
				GCC_OPTIMIZATION_LEVEL = 0;
				GCC_PREPROCESSOR_DEFINITIONS = (
					"DEBUG=1",
					"$(inherited)",
				);
				GCC_WARN_64_TO_32_BIT_CONVERSION = YES;
				GCC_WARN_ABOUT_RETURN_TYPE = YES_ERROR;
				GCC_WARN_UNDECLARED_SELECTOR = YES;
				GCC_WARN_UNINITIALIZED_AUTOS = YES_AGGRESSIVE;
				GCC_WARN_UNUSED_FUNCTION = YES;
				GCC_WARN_UNUSED_VARIABLE = YES;
				INFOPLIST_KEY_UIMainStoryboardFile = "";
				IPHONEOS_DEPLOYMENT_TARGET = 15.5;
				MTL_ENABLE_DEBUG_INFO = INCLUDE_SOURCE;
				MTL_FAST_MATH = YES;
				ONLY_ACTIVE_ARCH = YES;
				SDKROOT = iphoneos;
				SWIFT_ACTIVE_COMPILATION_CONDITIONS = DEBUG;
				SWIFT_OPTIMIZATION_LEVEL = "-Onone";
			};
			name = Debug;
		};
		B8786842292A911300B5C258 /* Release */ = {
			isa = XCBuildConfiguration;
			buildSettings = {
				ALWAYS_SEARCH_USER_PATHS = NO;
				CLANG_ANALYZER_NONNULL = YES;
				CLANG_ANALYZER_NUMBER_OBJECT_CONVERSION = YES_AGGRESSIVE;
				CLANG_CXX_LANGUAGE_STANDARD = "gnu++17";
				CLANG_ENABLE_MODULES = YES;
				CLANG_ENABLE_OBJC_ARC = YES;
				CLANG_ENABLE_OBJC_WEAK = YES;
				CLANG_WARN_BLOCK_CAPTURE_AUTORELEASING = YES;
				CLANG_WARN_BOOL_CONVERSION = YES;
				CLANG_WARN_COMMA = YES;
				CLANG_WARN_CONSTANT_CONVERSION = YES;
				CLANG_WARN_DEPRECATED_OBJC_IMPLEMENTATIONS = YES;
				CLANG_WARN_DIRECT_OBJC_ISA_USAGE = YES_ERROR;
				CLANG_WARN_DOCUMENTATION_COMMENTS = YES;
				CLANG_WARN_EMPTY_BODY = YES;
				CLANG_WARN_ENUM_CONVERSION = YES;
				CLANG_WARN_INFINITE_RECURSION = YES;
				CLANG_WARN_INT_CONVERSION = YES;
				CLANG_WARN_NON_LITERAL_NULL_CONVERSION = YES;
				CLANG_WARN_OBJC_IMPLICIT_RETAIN_SELF = YES;
				CLANG_WARN_OBJC_LITERAL_CONVERSION = YES;
				CLANG_WARN_OBJC_ROOT_CLASS = YES_ERROR;
				CLANG_WARN_QUOTED_INCLUDE_IN_FRAMEWORK_HEADER = YES;
				CLANG_WARN_RANGE_LOOP_ANALYSIS = YES;
				CLANG_WARN_STRICT_PROTOTYPES = YES;
				CLANG_WARN_SUSPICIOUS_MOVE = YES;
				CLANG_WARN_UNGUARDED_AVAILABILITY = YES_AGGRESSIVE;
				CLANG_WARN_UNREACHABLE_CODE = YES;
				CLANG_WARN__DUPLICATE_METHOD_MATCH = YES;
				COPY_PHASE_STRIP = NO;
				DEBUG_INFORMATION_FORMAT = "dwarf-with-dsym";
				ENABLE_NS_ASSERTIONS = NO;
				ENABLE_STRICT_OBJC_MSGSEND = YES;
				GCC_C_LANGUAGE_STANDARD = gnu11;
				GCC_NO_COMMON_BLOCKS = YES;
				GCC_WARN_64_TO_32_BIT_CONVERSION = YES;
				GCC_WARN_ABOUT_RETURN_TYPE = YES_ERROR;
				GCC_WARN_UNDECLARED_SELECTOR = YES;
				GCC_WARN_UNINITIALIZED_AUTOS = YES_AGGRESSIVE;
				GCC_WARN_UNUSED_FUNCTION = YES;
				GCC_WARN_UNUSED_VARIABLE = YES;
				IPHONEOS_DEPLOYMENT_TARGET = 15.5;
				MTL_ENABLE_DEBUG_INFO = NO;
				MTL_FAST_MATH = YES;
				SDKROOT = iphoneos;
				SWIFT_COMPILATION_MODE = wholemodule;
				SWIFT_OPTIMIZATION_LEVEL = "-O";
				VALIDATE_PRODUCT = YES;
			};
			name = Release;
		};
		B8786844292A911300B5C258 /* Debug */ = {
			isa = XCBuildConfiguration;
			buildSettings = {
				ASSETCATALOG_COMPILER_APPICON_NAME = AppIcon;
				ASSETCATALOG_COMPILER_GLOBAL_ACCENT_COLOR_NAME = AccentColor;
				CODE_SIGN_STYLE = Automatic;
				CURRENT_PROJECT_VERSION = 1;
				DEVELOPMENT_TEAM = 79L9BY86K6;
				GENERATE_INFOPLIST_FILE = YES;
				INFOPLIST_FILE = WeatherForecast/Info.plist;
				INFOPLIST_KEY_UIApplicationSupportsIndirectInputEvents = YES;
				INFOPLIST_KEY_UILaunchStoryboardName = LaunchScreen;
				INFOPLIST_KEY_UIMainStoryboardFile = "";
				INFOPLIST_KEY_UISupportedInterfaceOrientations = UIInterfaceOrientationPortrait;
				INFOPLIST_KEY_UISupportedInterfaceOrientations_iPad = "UIInterfaceOrientationPortrait UIInterfaceOrientationPortraitUpsideDown UIInterfaceOrientationLandscapeLeft UIInterfaceOrientationLandscapeRight";
				INFOPLIST_KEY_UISupportedInterfaceOrientations_iPhone = "UIInterfaceOrientationPortrait UIInterfaceOrientationLandscapeLeft UIInterfaceOrientationLandscapeRight";
				LD_RUNPATH_SEARCH_PATHS = (
					"$(inherited)",
					"@executable_path/Frameworks",
				);
				MARKETING_VERSION = 1.0;
				PRODUCT_BUNDLE_IDENTIFIER = com.smyk.WeatherForecast;
				PRODUCT_NAME = "$(TARGET_NAME)";
				SWIFT_EMIT_LOC_STRINGS = YES;
				SWIFT_VERSION = 5.0;
				TARGETED_DEVICE_FAMILY = "1,2";
			};
			name = Debug;
		};
		B8786845292A911300B5C258 /* Release */ = {
			isa = XCBuildConfiguration;
			buildSettings = {
				ASSETCATALOG_COMPILER_APPICON_NAME = AppIcon;
				ASSETCATALOG_COMPILER_GLOBAL_ACCENT_COLOR_NAME = AccentColor;
				CODE_SIGN_STYLE = Automatic;
				CURRENT_PROJECT_VERSION = 1;
				DEVELOPMENT_TEAM = 79L9BY86K6;
				GENERATE_INFOPLIST_FILE = YES;
				INFOPLIST_FILE = WeatherForecast/Info.plist;
				INFOPLIST_KEY_UIApplicationSupportsIndirectInputEvents = YES;
				INFOPLIST_KEY_UILaunchStoryboardName = LaunchScreen;
				INFOPLIST_KEY_UIMainStoryboardFile = "";
				INFOPLIST_KEY_UISupportedInterfaceOrientations = UIInterfaceOrientationPortrait;
				INFOPLIST_KEY_UISupportedInterfaceOrientations_iPad = "UIInterfaceOrientationPortrait UIInterfaceOrientationPortraitUpsideDown UIInterfaceOrientationLandscapeLeft UIInterfaceOrientationLandscapeRight";
				INFOPLIST_KEY_UISupportedInterfaceOrientations_iPhone = "UIInterfaceOrientationPortrait UIInterfaceOrientationLandscapeLeft UIInterfaceOrientationLandscapeRight";
				LD_RUNPATH_SEARCH_PATHS = (
					"$(inherited)",
					"@executable_path/Frameworks",
				);
				MARKETING_VERSION = 1.0;
				PRODUCT_BUNDLE_IDENTIFIER = com.smyk.WeatherForecast;
				PRODUCT_NAME = "$(TARGET_NAME)";
				SWIFT_EMIT_LOC_STRINGS = YES;
				SWIFT_VERSION = 5.0;
				TARGETED_DEVICE_FAMILY = "1,2";
			};
			name = Release;
		};
/* End XCBuildConfiguration section */

/* Begin XCConfigurationList section */
		B878682A292A911000B5C258 /* Build configuration list for PBXProject "WeatherForecast" */ = {
			isa = XCConfigurationList;
			buildConfigurations = (
				B8786841292A911300B5C258 /* Debug */,
				B8786842292A911300B5C258 /* Release */,
			);
			defaultConfigurationIsVisible = 0;
			defaultConfigurationName = Release;
		};
		B8786843292A911300B5C258 /* Build configuration list for PBXNativeTarget "WeatherForecast" */ = {
			isa = XCConfigurationList;
			buildConfigurations = (
				B8786844292A911300B5C258 /* Debug */,
				B8786845292A911300B5C258 /* Release */,
			);
			defaultConfigurationIsVisible = 0;
			defaultConfigurationName = Release;
		};
/* End XCConfigurationList section */
	};
	rootObject = B8786827292A911000B5C258 /* Project object */;
}
